// !$*UTF8*$!
{
	archiveVersion = 1;
	classes = {
	};
	objectVersion = 77;
	objects = {

/* Begin PBXContainerItemProxy section */
		DC2AEA452F8A6E1200EDBD52 /* PBXContainerItemProxy */ = {
			isa = PBXContainerItemProxy;
			containerPortal = DC2AEA2F2F8A6E0F00EDBD52 /* Project object */;
			proxyType = 1;
			remoteGlobalIDString = DC2AEA362F8A6E1000EDBD52;
			remoteInfo = NewsConcurrency;
		};
		DC2AEA4F2F8A6E1200EDBD52 /* PBXContainerItemProxy */ = {
			isa = PBXContainerItemProxy;
			containerPortal = DC2AEA2F2F8A6E0F00EDBD52 /* Project object */;
			proxyType = 1;
			remoteGlobalIDString = DC2AEA362F8A6E1000EDBD52;
			remoteInfo = NewsConcurrency;
		};
/* End PBXContainerItemProxy section */

/* Begin PBXFileReference section */
		DC2AEA372F8A6E1000EDBD52 /* NewsConcurrency.app */ = {isa = PBXFileReference; explicitFileType = wrapper.application; includeInIndex = 0; path = NewsConcurrency.app; sourceTree = BUILT_PRODUCTS_DIR; };
		DC2AEA442F8A6E1200EDBD52 /* NewsConcurrencyTests.xctest */ = {isa = PBXFileReference; explicitFileType = wrapper.cfbundle; includeInIndex = 0; path = NewsConcurrencyTests.xctest; sourceTree = BUILT_PRODUCTS_DIR; };
		DC2AEA4E2F8A6E1200EDBD52 /* NewsConcurrencyUITests.xctest */ = {isa = PBXFileReference; explicitFileType = wrapper.cfbundle; includeInIndex = 0; path = NewsConcurrencyUITests.xctest; sourceTree = BUILT_PRODUCTS_DIR; };
/* End PBXFileReference section */

/* Begin PBXFileSystemSynchronizedRootGroup section */
		DC2AEA392F8A6E1000EDBD52 /* NewsConcurrency */ = {
			isa = PBXFileSystemSynchronizedRootGroup;
			path = NewsConcurrency;
			sourceTree = "<group>";
		};
		DC2AEA472F8A6E1200EDBD52 /* NewsConcurrencyTests */ = {
			isa = PBXFileSystemSynchronizedRootGroup;
			path = NewsConcurrencyTests;
			sourceTree = "<group>";
		};
		DC2AEA512F8A6E1200EDBD52 /* NewsConcurrencyUITests */ = {
			isa = PBXFileSystemSynchronizedRootGroup;
			path = NewsConcurrencyUITests;
			sourceTree = "<group>";
		};
/* End PBXFileSystemSynchronizedRootGroup section */

/* Begin PBXFrameworksBuildPhase section */
		DC2AEA342F8A6E1000EDBD52 /* Frameworks */ = {
			isa = PBXFrameworksBuildPhase;
			buildActionMask = 2147483647;
			files = (
			);
			runOnlyForDeploymentPostprocessing = 0;
		};
		DC2AEA412F8A6E1200EDBD52 /* Frameworks */ = {
			isa = PBXFrameworksBuildPhase;
			buildActionMask = 2147483647;
			files = (
			);
			runOnlyForDeploymentPostprocessing = 0;
		};
		DC2AEA4B2F8A6E1200EDBD52 /* Frameworks */ = {
			isa = PBXFrameworksBuildPhase;
			buildActionMask = 2147483647;
			files = (
			);
			runOnlyForDeploymentPostprocessing = 0;
		};
/* End PBXFrameworksBuildPhase section */

/* Begin PBXGroup section */
		DC2AEA2E2F8A6E0F00EDBD52 = {
			isa = PBXGroup;
			children = (
				DC2AEA392F8A6E1000EDBD52 /* NewsConcurrency */,
				DC2AEA472F8A6E1200EDBD52 /* NewsConcurrencyTests */,
				DC2AEA512F8A6E1200EDBD52 /* NewsConcurrencyUITests */,
				DC2AEA382F8A6E1000EDBD52 /* Products */,
			);
			sourceTree = "<group>";
		};
		DC2AEA382F8A6E1000EDBD52 /* Products */ = {
			isa = PBXGroup;
			children = (
				DC2AEA372F8A6E1000EDBD52 /* NewsConcurrency.app */,
				DC2AEA442F8A6E1200EDBD52 /* NewsConcurrencyTests.xctest */,
				DC2AEA4E2F8A6E1200EDBD52 /* NewsConcurrencyUITests.xctest */,
			);
			name = Products;
			sourceTree = "<group>";
		};
/* End PBXGroup section */

/* Begin PBXNativeTarget section */
		DC2AEA362F8A6E1000EDBD52 /* NewsConcurrency */ = {
			isa = PBXNativeTarget;
			buildConfigurationList = DC2AEA582F8A6E1200EDBD52 /* Build configuration list for PBXNativeTarget "NewsConcurrency" */;
			buildPhases = (
				DC2AEA332F8A6E1000EDBD52 /* Sources */,
				DC2AEA342F8A6E1000EDBD52 /* Frameworks */,
				DC2AEA352F8A6E1000EDBD52 /* Resources */,
			);
			buildRules = (
			);
			dependencies = (
			);
			fileSystemSynchronizedGroups = (
				DC2AEA392F8A6E1000EDBD52 /* NewsConcurrency */,
			);
			name = NewsConcurrency;
			packageProductDependencies = (
			);
			productName = NewsConcurrency;
			productReference = DC2AEA372F8A6E1000EDBD52 /* NewsConcurrency.app */;
			productType = "com.apple.product-type.application";
		};
		DC2AEA432F8A6E1200EDBD52 /* NewsConcurrencyTests */ = {
			isa = PBXNativeTarget;
			buildConfigurationList = DC2AEA5B2F8A6E1200EDBD52 /* Build configuration list for PBXNativeTarget "NewsConcurrencyTests" */;
			buildPhases = (
				DC2AEA402F8A6E1200EDBD52 /* Sources */,
				DC2AEA412F8A6E1200EDBD52 /* Frameworks */,
				DC2AEA422F8A6E1200EDBD52 /* Resources */,
			);
			buildRules = (
			);
			dependencies = (
				DC2AEA462F8A6E1200EDBD52 /* PBXTargetDependency */,
			);
			fileSystemSynchronizedGroups = (
				DC2AEA472F8A6E1200EDBD52 /* NewsConcurrencyTests */,
			);
			name = NewsConcurrencyTests;
			packageProductDependencies = (
			);
			productName = NewsConcurrencyTests;
			productReference = DC2AEA442F8A6E1200EDBD52 /* NewsConcurrencyTests.xctest */;
			productType = "com.apple.product-type.bundle.unit-test";
		};
		DC2AEA4D2F8A6E1200EDBD52 /* NewsConcurrencyUITests */ = {
			isa = PBXNativeTarget;
			buildConfigurationList = DC2AEA5E2F8A6E1200EDBD52 /* Build configuration list for PBXNativeTarget "NewsConcurrencyUITests" */;
			buildPhases = (
				DC2AEA4A2F8A6E1200EDBD52 /* Sources */,
				DC2AEA4B2F8A6E1200EDBD52 /* Frameworks */,
				DC2AEA4C2F8A6E1200EDBD52 /* Resources */,
			);
			buildRules = (
			);
			dependencies = (
				DC2AEA502F8A6E1200EDBD52 /* PBXTargetDependency */,
			);
			fileSystemSynchronizedGroups = (
				DC2AEA512F8A6E1200EDBD52 /* NewsConcurrencyUITests */,
			);
			name = NewsConcurrencyUITests;
			packageProductDependencies = (
			);
			productName = NewsConcurrencyUITests;
			productReference = DC2AEA4E2F8A6E1200EDBD52 /* NewsConcurrencyUITests.xctest */;
			productType = "com.apple.product-type.bundle.ui-testing";
		};
/* End PBXNativeTarget section */

/* Begin PBXProject section */
		DC2AEA2F2F8A6E0F00EDBD52 /* Project object */ = {
			isa = PBXProject;
			attributes = {
				BuildIndependentTargetsInParallel = 1;
				LastSwiftUpdateCheck = 2640;
				LastUpgradeCheck = 2640;
				TargetAttributes = {
					DC2AEA362F8A6E1000EDBD52 = {
						CreatedOnToolsVersion = 26.4;
					};
					DC2AEA432F8A6E1200EDBD52 = {
						CreatedOnToolsVersion = 26.4;
						TestTargetID = DC2AEA362F8A6E1000EDBD52;
					};
					DC2AEA4D2F8A6E1200EDBD52 = {
						CreatedOnToolsVersion = 26.4;
						TestTargetID = DC2AEA362F8A6E1000EDBD52;
					};
				};
			};
			buildConfigurationList = DC2AEA322F8A6E0F00EDBD52 /* Build configuration list for PBXProject "NewsConcurrency" */;
			developmentRegion = en;
			hasScannedForEncodings = 0;
			knownRegions = (
				en,
				Base,
			);
			mainGroup = DC2AEA2E2F8A6E0F00EDBD52;
			minimizedProjectReferenceProxies = 1;
			preferredProjectObjectVersion = 77;
			productRefGroup = DC2AEA382F8A6E1000EDBD52 /* Products */;
			projectDirPath = "";
			projectRoot = "";
			targets = (
				DC2AEA362F8A6E1000EDBD52 /* NewsConcurrency */,
				DC2AEA432F8A6E1200EDBD52 /* NewsConcurrencyTests */,
				DC2AEA4D2F8A6E1200EDBD52 /* NewsConcurrencyUITests */,
			);
		};
/* End PBXProject section */

/* Begin PBXResourcesBuildPhase section */
		DC2AEA352F8A6E1000EDBD52 /* Resources */ = {
			isa = PBXResourcesBuildPhase;
			buildActionMask = 2147483647;
			files = (
			);
			runOnlyForDeploymentPostprocessing = 0;
		};
		DC2AEA422F8A6E1200EDBD52 /* Resources */ = {
			isa = PBXResourcesBuildPhase;
			buildActionMask = 2147483647;
			files = (
			);
			runOnlyForDeploymentPostprocessing = 0;
		};
		DC2AEA4C2F8A6E1200EDBD52 /* Resources */ = {
			isa = PBXResourcesBuildPhase;
			buildActionMask = 2147483647;
			files = (
			);
			runOnlyForDeploymentPostprocessing = 0;
		};
/* End PBXResourcesBuildPhase section */

/* Begin PBXSourcesBuildPhase section */
		DC2AEA332F8A6E1000EDBD52 /* Sources */ = {
			isa = PBXSourcesBuildPhase;
			buildActionMask = 2147483647;
			files = (
			);
			runOnlyForDeploymentPostprocessing = 0;
		};
		DC2AEA402F8A6E1200EDBD52 /* Sources */ = {
			isa = PBXSourcesBuildPhase;
			buildActionMask = 2147483647;
			files = (
			);
			runOnlyForDeploymentPostprocessing = 0;
		};
		DC2AEA4A2F8A6E1200EDBD52 /* Sources */ = {
			isa = PBXSourcesBuildPhase;
			buildActionMask = 2147483647;
			files = (
			);
			runOnlyForDeploymentPostprocessing = 0;
		};
/* End PBXSourcesBuildPhase section */

/* Begin PBXTargetDependency section */
		DC2AEA462F8A6E1200EDBD52 /* PBXTargetDependency */ = {
			isa = PBXTargetDependency;
			target = DC2AEA362F8A6E1000EDBD52 /* NewsConcurrency */;
			targetProxy = DC2AEA452F8A6E1200EDBD52 /* PBXContainerItemProxy */;
		};
		DC2AEA502F8A6E1200EDBD52 /* PBXTargetDependency */ = {
			isa = PBXTargetDependency;
			target = DC2AEA362F8A6E1000EDBD52 /* NewsConcurrency */;
			targetProxy = DC2AEA4F2F8A6E1200EDBD52 /* PBXContainerItemProxy */;
		};
/* End PBXTargetDependency section */

/* Begin XCBuildConfiguration section */
		DC2AEA562F8A6E1200EDBD52 /* Debug */ = {
			isa = XCBuildConfiguration;
			buildSettings = {
				ALWAYS_SEARCH_USER_PATHS = NO;
				ASSETCATALOG_COMPILER_GENERATE_SWIFT_ASSET_SYMBOL_EXTENSIONS = YES;
				CLANG_ANALYZER_NONNULL = YES;
				CLANG_ANALYZER_NUMBER_OBJECT_CONVERSION = YES_AGGRESSIVE;
				CLANG_CXX_LANGUAGE_STANDARD = "gnu++20";
				CLANG_ENABLE_MODULES = YES;
				CLANG_ENABLE_OBJC_ARC = YES;
				CLANG_ENABLE_OBJC_WEAK = YES;
				CLANG_WARN_BLOCK_CAPTURE_AUTORELEASING = YES;
				CLANG_WARN_BOOL_CONVERSION = YES;
				CLANG_WARN_COMMA = YES;
				CLANG_WARN_CONSTANT_CONVERSION = YES;
				CLANG_WARN_DEPRECATED_OBJC_IMPLEMENTATIONS = YES;
				CLANG_WARN_DIRECT_OBJC_ISA_USAGE = YES_ERROR;
				CLANG_WARN_DOCUMENTATION_COMMENTS = YES;
				CLANG_WARN_EMPTY_BODY = YES;
				CLANG_WARN_ENUM_CONVERSION = YES;
				CLANG_WARN_INFINITE_RECURSION = YES;
				CLANG_WARN_INT_CONVERSION = YES;
				CLANG_WARN_NON_LITERAL_NULL_CONVERSION = YES;
				CLANG_WARN_OBJC_IMPLICIT_RETAIN_SELF = YES;
				CLANG_WARN_OBJC_LITERAL_CONVERSION = YES;
				CLANG_WARN_OBJC_ROOT_CLASS = YES_ERROR;
				CLANG_WARN_QUOTED_INCLUDE_IN_FRAMEWORK_HEADER = YES;
				CLANG_WARN_RANGE_LOOP_ANALYSIS = YES;
				CLANG_WARN_STRICT_PROTOTYPES = YES;
				CLANG_WARN_SUSPICIOUS_MOVE = YES;
				CLANG_WARN_UNGUARDED_AVAILABILITY = YES_AGGRESSIVE;
				CLANG_WARN_UNREACHABLE_CODE = YES;
				CLANG_WARN__DUPLICATE_METHOD_MATCH = YES;
				COPY_PHASE_STRIP = NO;
				DEBUG_INFORMATION_FORMAT = dwarf;
				DEVELOPMENT_TEAM = E897H33R58;
				ENABLE_STRICT_OBJC_MSGSEND = YES;
				ENABLE_TESTABILITY = YES;
				ENABLE_USER_SCRIPT_SANDBOXING = YES;
				GCC_C_LANGUAGE_STANDARD = gnu17;
				GCC_DYNAMIC_NO_PIC = NO;
				GCC_NO_COMMON_BLOCKS = YES;
				GCC_OPTIMIZATION_LEVEL = 0;
				GCC_PREPROCESSOR_DEFINITIONS = (
					"DEBUG=1",
					"$(inherited)",
				);
				GCC_WARN_64_TO_32_BIT_CONVERSION = YES;
				GCC_WARN_ABOUT_RETURN_TYPE = YES_ERROR;
				GCC_WARN_UNDECLARED_SELECTOR = YES;
				GCC_WARN_UNINITIALIZED_AUTOS = YES_AGGRESSIVE;
				GCC_WARN_UNUSED_FUNCTION = YES;
				GCC_WARN_UNUSED_VARIABLE = YES;
				IPHONEOS_DEPLOYMENT_TARGET = 26.4;
				LOCALIZATION_PREFERS_STRING_CATALOGS = YES;
				MTL_ENABLE_DEBUG_INFO = INCLUDE_SOURCE;
				MTL_FAST_MATH = YES;
				ONLY_ACTIVE_ARCH = YES;
				SDKROOT = iphoneos;
				SWIFT_ACTIVE_COMPILATION_CONDITIONS = "DEBUG $(inherited)";
				SWIFT_OPTIMIZATION_LEVEL = "-Onone";
			};
			name = Debug;
		};
		DC2AEA572F8A6E1200EDBD52 /* Release */ = {
			isa = XCBuildConfiguration;
			buildSettings = {
				ALWAYS_SEARCH_USER_PATHS = NO;
				ASSETCATALOG_COMPILER_GENERATE_SWIFT_ASSET_SYMBOL_EXTENSIONS = YES;
				CLANG_ANALYZER_NONNULL = YES;
				CLANG_ANALYZER_NUMBER_OBJECT_CONVERSION = YES_AGGRESSIVE;
				CLANG_CXX_LANGUAGE_STANDARD = "gnu++20";
				CLANG_ENABLE_MODULES = YES;
				CLANG_ENABLE_OBJC_ARC = YES;
				CLANG_ENABLE_OBJC_WEAK = YES;
				CLANG_WARN_BLOCK_CAPTURE_AUTORELEASING = YES;
				CLANG_WARN_BOOL_CONVERSION = YES;
				CLANG_WARN_COMMA = YES;
				CLANG_WARN_CONSTANT_CONVERSION = YES;
				CLANG_WARN_DEPRECATED_OBJC_IMPLEMENTATIONS = YES;
				CLANG_WARN_DIRECT_OBJC_ISA_USAGE = YES_ERROR;
				CLANG_WARN_DOCUMENTATION_COMMENTS = YES;
				CLANG_WARN_EMPTY_BODY = YES;
				CLANG_WARN_ENUM_CONVERSION = YES;
				CLANG_WARN_INFINITE_RECURSION = YES;
				CLANG_WARN_INT_CONVERSION = YES;
				CLANG_WARN_NON_LITERAL_NULL_CONVERSION = YES;
				CLANG_WARN_OBJC_IMPLICIT_RETAIN_SELF = YES;
				CLANG_WARN_OBJC_LITERAL_CONVERSION = YES;
				CLANG_WARN_OBJC_ROOT_CLASS = YES_ERROR;
				CLANG_WARN_QUOTED_INCLUDE_IN_FRAMEWORK_HEADER = YES;
				CLANG_WARN_RANGE_LOOP_ANALYSIS = YES;
				CLANG_WARN_STRICT_PROTOTYPES = YES;
				CLANG_WARN_SUSPICIOUS_MOVE = YES;
				CLANG_WARN_UNGUARDED_AVAILABILITY = YES_AGGRESSIVE;
				CLANG_WARN_UNREACHABLE_CODE = YES;
				CLANG_WARN__DUPLICATE_METHOD_MATCH = YES;
				COPY_PHASE_STRIP = NO;
				DEBUG_INFORMATION_FORMAT = "dwarf-with-dsym";
				DEVELOPMENT_TEAM = E897H33R58;
				ENABLE_NS_ASSERTIONS = NO;
				ENABLE_STRICT_OBJC_MSGSEND = YES;
				ENABLE_USER_SCRIPT_SANDBOXING = YES;
				GCC_C_LANGUAGE_STANDARD = gnu17;
				GCC_NO_COMMON_BLOCKS = YES;
				GCC_WARN_64_TO_32_BIT_CONVERSION = YES;
				GCC_WARN_ABOUT_RETURN_TYPE = YES_ERROR;
				GCC_WARN_UNDECLARED_SELECTOR = YES;
				GCC_WARN_UNINITIALIZED_AUTOS = YES_AGGRESSIVE;
				GCC_WARN_UNUSED_FUNCTION = YES;
				GCC_WARN_UNUSED_VARIABLE = YES;
				IPHONEOS_DEPLOYMENT_TARGET = 26.4;
				LOCALIZATION_PREFERS_STRING_CATALOGS = YES;
				MTL_ENABLE_DEBUG_INFO = NO;
				MTL_FAST_MATH = YES;
				SDKROOT = iphoneos;
				SWIFT_COMPILATION_MODE = wholemodule;
				VALIDATE_PRODUCT = YES;
			};
			name = Release;
		};
		DC2AEA592F8A6E1200EDBD52 /* Debug */ = {
			isa = XCBuildConfiguration;
			buildSettings = {
				ASSETCATALOG_COMPILER_APPICON_NAME = AppIcon;
				ASSETCATALOG_COMPILER_GLOBAL_ACCENT_COLOR_NAME = AccentColor;
				CODE_SIGN_STYLE = Automatic;
				CURRENT_PROJECT_VERSION = 1;
				DEVELOPMENT_TEAM = E897H33R58;
				ENABLE_PREVIEWS = YES;
				GENERATE_INFOPLIST_FILE = YES;
				INFOPLIST_KEY_UIApplicationSceneManifest_Generation = YES;
				INFOPLIST_KEY_UIApplicationSupportsIndirectInputEvents = YES;
				INFOPLIST_KEY_UILaunchScreen_Generation = YES;
				INFOPLIST_KEY_UISupportedInterfaceOrientations_iPad = "UIInterfaceOrientationPortrait UIInterfaceOrientationPortraitUpsideDown UIInterfaceOrientationLandscapeLeft UIInterfaceOrientationLandscapeRight";
				INFOPLIST_KEY_UISupportedInterfaceOrientations_iPhone = "UIInterfaceOrientationPortrait UIInterfaceOrientationLandscapeLeft UIInterfaceOrientationLandscapeRight";
				LD_RUNPATH_SEARCH_PATHS = (
					"$(inherited)",
					"@executable_path/Frameworks",
				);
				MARKETING_VERSION = 1.0;
				PRODUCT_BUNDLE_IDENTIFIER = com.bondjun.NewsConcurrency;
				PRODUCT_NAME = "$(TARGET_NAME)";
				STRING_CATALOG_GENERATE_SYMBOLS = YES;
				SWIFT_APPROACHABLE_CONCURRENCY = YES;
				SWIFT_DEFAULT_ACTOR_ISOLATION = MainActor;
				SWIFT_EMIT_LOC_STRINGS = YES;
				SWIFT_UPCOMING_FEATURE_MEMBER_IMPORT_VISIBILITY = YES;
				SWIFT_VERSION = 5.0;
				TARGETED_DEVICE_FAMILY = "1,2";
			};
			name = Debug;
		};
		DC2AEA5A2F8A6E1200EDBD52 /* Release */ = {
			isa = XCBuildConfiguration;
			buildSettings = {
				ASSETCATALOG_COMPILER_APPICON_NAME = AppIcon;
				ASSETCATALOG_COMPILER_GLOBAL_ACCENT_COLOR_NAME = AccentColor;
				CODE_SIGN_STYLE = Automatic;
				CURRENT_PROJECT_VERSION = 1;
				DEVELOPMENT_TEAM = E897H33R58;
				ENABLE_PREVIEWS = YES;
				GENERATE_INFOPLIST_FILE = YES;
				INFOPLIST_KEY_UIApplicationSceneManifest_Generation = YES;
				INFOPLIST_KEY_UIApplicationSupportsIndirectInputEvents = YES;
				INFOPLIST_KEY_UILaunchScreen_Generation = YES;
				INFOPLIST_KEY_UISupportedInterfaceOrientations_iPad = "UIInterfaceOrientationPortrait UIInterfaceOrientationPortraitUpsideDown UIInterfaceOrientationLandscapeLeft UIInterfaceOrientationLandscapeRight";
				INFOPLIST_KEY_UISupportedInterfaceOrientations_iPhone = "UIInterfaceOrientationPortrait UIInterfaceOrientationLandscapeLeft UIInterfaceOrientationLandscapeRight";
				LD_RUNPATH_SEARCH_PATHS = (
					"$(inherited)",
					"@executable_path/Frameworks",
				);
				MARKETING_VERSION = 1.0;
				PRODUCT_BUNDLE_IDENTIFIER = com.bondjun.NewsConcurrency;
				PRODUCT_NAME = "$(TARGET_NAME)";
				STRING_CATALOG_GENERATE_SYMBOLS = YES;
				SWIFT_APPROACHABLE_CONCURRENCY = YES;
				SWIFT_DEFAULT_ACTOR_ISOLATION = MainActor;
				SWIFT_EMIT_LOC_STRINGS = YES;
				SWIFT_UPCOMING_FEATURE_MEMBER_IMPORT_VISIBILITY = YES;
				SWIFT_VERSION = 5.0;
				TARGETED_DEVICE_FAMILY = "1,2";
			};
			name = Release;
		};
		DC2AEA5C2F8A6E1200EDBD52 /* Debug */ = {
			isa = XCBuildConfiguration;
			buildSettings = {
				BUNDLE_LOADER = "$(TEST_HOST)";
				CODE_SIGN_STYLE = Automatic;
				CURRENT_PROJECT_VERSION = 1;
				DEVELOPMENT_TEAM = E897H33R58;
				GENERATE_INFOPLIST_FILE = YES;
				IPHONEOS_DEPLOYMENT_TARGET = 26.4;
				MARKETING_VERSION = 1.0;
				PRODUCT_BUNDLE_IDENTIFIER = com.bondjun.NewsConcurrencyTests;
				PRODUCT_NAME = "$(TARGET_NAME)";
				STRING_CATALOG_GENERATE_SYMBOLS = NO;
				SWIFT_APPROACHABLE_CONCURRENCY = YES;
				SWIFT_EMIT_LOC_STRINGS = NO;
				SWIFT_UPCOMING_FEATURE_MEMBER_IMPORT_VISIBILITY = YES;
				SWIFT_VERSION = 5.0;
				TARGETED_DEVICE_FAMILY = "1,2";
				TEST_HOST = "$(BUILT_PRODUCTS_DIR)/NewsConcurrency.app/$(BUNDLE_EXECUTABLE_FOLDER_PATH)/NewsConcurrency";
			};
			name = Debug;
		};
		DC2AEA5D2F8A6E1200EDBD52 /* Release */ = {
			isa = XCBuildConfiguration;
			buildSettings = {
				BUNDLE_LOADER = "$(TEST_HOST)";
				CODE_SIGN_STYLE = Automatic;
				CURRENT_PROJECT_VERSION = 1;
				DEVELOPMENT_TEAM = E897H33R58;
				GENERATE_INFOPLIST_FILE = YES;
				IPHONEOS_DEPLOYMENT_TARGET = 26.4;
				MARKETING_VERSION = 1.0;
				PRODUCT_BUNDLE_IDENTIFIER = com.bondjun.NewsConcurrencyTests;
				PRODUCT_NAME = "$(TARGET_NAME)";
				STRING_CATALOG_GENERATE_SYMBOLS = NO;
				SWIFT_APPROACHABLE_CONCURRENCY = YES;
				SWIFT_EMIT_LOC_STRINGS = NO;
				SWIFT_UPCOMING_FEATURE_MEMBER_IMPORT_VISIBILITY = YES;
				SWIFT_VERSION = 5.0;
				TARGETED_DEVICE_FAMILY = "1,2";
				TEST_HOST = "$(BUILT_PRODUCTS_DIR)/NewsConcurrency.app/$(BUNDLE_EXECUTABLE_FOLDER_PATH)/NewsConcurrency";
			};
			name = Release;
		};
		DC2AEA5F2F8A6E1200EDBD52 /* Debug */ = {
			isa = XCBuildConfiguration;
			buildSettings = {
				CODE_SIGN_STYLE = Automatic;
				CURRENT_PROJECT_VERSION = 1;
				DEVELOPMENT_TEAM = E897H33R58;
				GENERATE_INFOPLIST_FILE = YES;
				MARKETING_VERSION = 1.0;
				PRODUCT_BUNDLE_IDENTIFIER = com.bondjun.NewsConcurrencyUITests;
				PRODUCT_NAME = "$(TARGET_NAME)";
				STRING_CATALOG_GENERATE_SYMBOLS = NO;
				SWIFT_APPROACHABLE_CONCURRENCY = YES;
				SWIFT_EMIT_LOC_STRINGS = NO;
				SWIFT_UPCOMING_FEATURE_MEMBER_IMPORT_VISIBILITY = YES;
				SWIFT_VERSION = 5.0;
				TARGETED_DEVICE_FAMILY = "1,2";
				TEST_TARGET_NAME = NewsConcurrency;
			};
			name = Debug;
		};
		DC2AEA602F8A6E1200EDBD52 /* Release */ = {
			isa = XCBuildConfiguration;
			buildSettings = {
				CODE_SIGN_STYLE = Automatic;
				CURRENT_PROJECT_VERSION = 1;
				DEVELOPMENT_TEAM = E897H33R58;
				GENERATE_INFOPLIST_FILE = YES;
				MARKETING_VERSION = 1.0;
				PRODUCT_BUNDLE_IDENTIFIER = com.bondjun.NewsConcurrencyUITests;
				PRODUCT_NAME = "$(TARGET_NAME)";
				STRING_CATALOG_GENERATE_SYMBOLS = NO;
				SWIFT_APPROACHABLE_CONCURRENCY = YES;
				SWIFT_EMIT_LOC_STRINGS = NO;
				SWIFT_UPCOMING_FEATURE_MEMBER_IMPORT_VISIBILITY = YES;
				SWIFT_VERSION = 5.0;
				TARGETED_DEVICE_FAMILY = "1,2";
				TEST_TARGET_NAME = NewsConcurrency;
			};
			name = Release;
		};
/* End XCBuildConfiguration section */

/* Begin XCConfigurationList section */
		DC2AEA322F8A6E0F00EDBD52 /* Build configuration list for PBXProject "NewsConcurrency" */ = {
			isa = XCConfigurationList;
			buildConfigurations = (
				DC2AEA562F8A6E1200EDBD52 /* Debug */,
				DC2AEA572F8A6E1200EDBD52 /* Release */,
			);
			defaultConfigurationIsVisible = 0;
			defaultConfigurationName = Release;
		};
		DC2AEA582F8A6E1200EDBD52 /* Build configuration list for PBXNativeTarget "NewsConcurrency" */ = {
			isa = XCConfigurationList;
			buildConfigurations = (
				DC2AEA592F8A6E1200EDBD52 /* Debug */,
				DC2AEA5A2F8A6E1200EDBD52 /* Release */,
			);
			defaultConfigurationIsVisible = 0;
			defaultConfigurationName = Release;
		};
		DC2AEA5B2F8A6E1200EDBD52 /* Build configuration list for PBXNativeTarget "NewsConcurrencyTests" */ = {
			isa = XCConfigurationList;
			buildConfigurations = (
				DC2AEA5C2F8A6E1200EDBD52 /* Debug */,
				DC2AEA5D2F8A6E1200EDBD52 /* Release */,
			);
			defaultConfigurationIsVisible = 0;
			defaultConfigurationName = Release;
		};
		DC2AEA5E2F8A6E1200EDBD52 /* Build configuration list for PBXNativeTarget "NewsConcurrencyUITests" */ = {
			isa = XCConfigurationList;
			buildConfigurations = (
				DC2AEA5F2F8A6E1200EDBD52 /* Debug */,
				DC2AEA602F8A6E1200EDBD52 /* Release */,
			);
			defaultConfigurationIsVisible = 0;
			defaultConfigurationName = Release;
		};
/* End XCConfigurationList section */
	};
	rootObject = DC2AEA2F2F8A6E0F00EDBD52 /* Project object */;
}
